# THIS IS AN AUTOGENERATED FILE. DO NOT EDIT THIS FILE DIRECTLY.
# yarn lockfile v1


async@^1.3.0:
  version "1.5.2"
  resolved "https://registry.yarnpkg.com/async/-/async-1.5.2.tgz#ec6a61ae56480c0c3cb241c95618e20892f9672a"
  integrity sha512-nSVgobk4rv61R9PUSDtYt7mPVB2olxNR5RWJcAsH676/ef11bUZwvu7+RGYrYauVdDPcO519v68wRhXQtxsV9w==

glob-to-regexp@^0.1.0:
  version "0.1.0"
  resolved "https://registry.yarnpkg.com/glob-to-regexp/-/glob-to-regexp-0.1.0.tgz#e0369d426578fd456d47dc23b09de05c1da9ea5d"
  integrity sha512-zNKwUvfFs4IbHMLzBDl4v5YbFNs64e4yGkptl4DncCYwmhMQORQflvs7XsEv50+M5bJqbgjBqnV+zZ8vF490yQ==

node-glob@^1.2.0:
  version "1.2.0"
  resolved "https://registry.yarnpkg.com/node-glob/-/node-glob-1.2.0.tgz#5240ffedefc6d663ce8515e5796a4d47a750c0d5"
  integrity sha512-c0R4Wab2SAlwdBr5ehPANnbLzxv5dBMUdEYy8ilqBDkqvEIf74JGhaLhCh/EuhgzPTXuEOUoqDnAKdODpHXMNg==
  dependencies:
    async "^1.3.0"
    glob-to-regexp "^0.1.0"
